
Microsoft Visual Studio Solution File, Format Version 12.00
# Visual Studio Version 17
VisualStudioVersion = 17.0.32014.148
MinimumVisualStudioVersion = 10.0.40219.1
Project("{9A19103F-16F7-4668-BE54-9A1E7A4F7556}") = "MinimalAPI", "MinimalAPI\MinimalAPI.csproj", "{ECABA4D9-4DC5-4567-A039-401AF08025FD}"
EndProject
Project("{00D1A9C2-B5F0-4AF3-8072-F6C62B433612}") = "MinimalAPIDB", "MinimalAPIDB\MinimalAPIDB.sqlproj", "{78DCDD0C-4747-42E6-9406-602593F0C40D}"
EndProject
Project("{FAE04EC0-301F-11D3-BF4B-00C04F79EFBC}") = "MinimalAPI.DAL", "MinimalAPI.DAL\MinimalAPI.DAL.csproj", "{5CDF0C08-51C6-4BA4-860C-F6C97FD7F58B}"
EndProject
Project("{2150E333-8FDC-42A3-9474-1A3956D46DE8}") = "Solution Items", "Solution Items", "{2A86CF81-B59F-44A7-BBC7-FC188821F099}"
	ProjectSection(SolutionItems) = preProject
		.editorconfig = .editorconfig
	EndProjectSection
EndProject
Global
	GlobalSection(SolutionConfigurationPlatforms) = preSolution
		Debug|Any CPU = Debug|Any CPU
		Release|Any CPU = Release|Any CPU
	EndGlobalSection
	GlobalSection(ProjectConfigurationPlatforms) = postSolution
		{ECABA4D9-4DC5-4567-A039-401AF08025FD}.Debug|Any CPU.ActiveCfg = Debug|Any CPU
		{ECABA4D9-4DC5-4567-A039-401AF08025FD}.Debug|Any CPU.Build.0 = Debug|Any CPU
		{ECABA4D9-4DC5-4567-A039-401AF08025FD}.Release|Any CPU.ActiveCfg = Release|Any CPU
		{ECABA4D9-4DC5-4567-A039-401AF08025FD}.Release|Any CPU.Build.0 = Release|Any CPU
		{78DCDD0C-4747-42E6-9406-602593F0C40D}.Debug|Any CPU.ActiveCfg = Debug|Any CPU
		{78DCDD0C-4747-42E6-9406-602593F0C40D}.Debug|Any CPU.Build.0 = Debug|Any CPU
		{78DCDD0C-4747-42E6-9406-602593F0C40D}.Debug|Any CPU.Deploy.0 = Debug|Any CPU
		{78DCDD0C-4747-42E6-9406-602593F0C40D}.Release|Any CPU.ActiveCfg = Release|Any CPU
		{78DCDD0C-4747-42E6-9406-602593F0C40D}.Release|Any CPU.Build.0 = Release|Any CPU
		{78DCDD0C-4747-42E6-9406-602593F0C40D}.Release|Any CPU.Deploy.0 = Release|Any CPU
		{5CDF0C08-51C6-4BA4-860C-F6C97FD7F58B}.Debug|Any CPU.ActiveCfg = Debug|Any CPU
		{5CDF0C08-51C6-4BA4-860C-F6C97FD7F58B}.Debug|Any CPU.Build.0 = Debug|Any CPU
		{5CDF0C08-51C6-4BA4-860C-F6C97FD7F58B}.Release|Any CPU.ActiveCfg = Release|Any CPU
		{5CDF0C08-51C6-4BA4-860C-F6C97FD7F58B}.Release|Any CPU.Build.0 = Release|Any CPU
	EndGlobalSection
	GlobalSection(SolutionProperties) = preSolution
		HideSolutionNode = FALSE
	EndGlobalSection
	GlobalSection(ExtensibilityGlobals) = postSolution
		SolutionGuid = {B1954C21-0F5D-4FB6-AEFC-987E1147562C}
	EndGlobalSection
EndGlobal
